
Microsoft Visual Studio Solution File, Format Version 12.00
# Visual Studio 15
VisualStudioVersion = 15.0.27703.2035
MinimumVisualStudioVersion = 10.0.40219.1
Project("{FAE04EC0-301F-11D3-BF4B-00C04F79EFBC}") = "ConsoleBlackJack", "ConsoleBlackJack\ConsoleBlackJack.csproj", "{C6083513-7645-4C5C-ACD7-4F610D663FDA}"
EndProject
Project("{FAE04EC0-301F-11D3-BF4B-00C04F79EFBC}") = "BlackJack_Tests", "BlackJack_Tests\BlackJack_Tests.csproj", "{B8B7B363-9EFB-46F6-A4DF-958F15419BC4}"
EndProject
Global
	GlobalSection(SolutionConfigurationPlatforms) = preSolution
		Debug|Any CPU = Debug|Any CPU
		Release|Any CPU = Release|Any CPU
	EndGlobalSection
	GlobalSection(ProjectConfigurationPlatforms) = postSolution
		{C6083513-7645-4C5C-ACD7-4F610D663FDA}.Debug|Any CPU.ActiveCfg = Debug|Any CPU
		{C6083513-7645-4C5C-ACD7-4F610D663FDA}.Debug|Any CPU.Build.0 = Debug|Any CPU
		{C6083513-7645-4C5C-ACD7-4F610D663FDA}.Release|Any CPU.ActiveCfg = Release|Any CPU
		{C6083513-7645-4C5C-ACD7-4F610D663FDA}.Release|Any CPU.Build.0 = Release|Any CPU
		{B8B7B363-9EFB-46F6-A4DF-958F15419BC4}.Debug|Any CPU.ActiveCfg = Debug|Any CPU
		{B8B7B363-9EFB-46F6-A4DF-958F15419BC4}.Debug|Any CPU.Build.0 = Debug|Any CPU
		{B8B7B363-9EFB-46F6-A4DF-958F15419BC4}.Release|Any CPU.ActiveCfg = Release|Any CPU
		{B8B7B363-9EFB-46F6-A4DF-958F15419BC4}.Release|Any CPU.Build.0 = Release|Any CPU
	EndGlobalSection
	GlobalSection(SolutionProperties) = preSolution
		HideSolutionNode = FALSE
	EndGlobalSection
	GlobalSection(ExtensibilityGlobals) = postSolution
		SolutionGuid = {D512772C-6211-47C4-A62C-66EADDADC014}
	EndGlobalSection
EndGlobal
